// !$*UTF8*$!
{
	archiveVersion = 1;
	classes = {
	};
	objectVersion = 50;
	objects = {

/* Begin PBXBuildFile section */
		A13C9D1A77B7F94019504E1D /* Pods_VIP_TEST.framework in Frameworks */ = {isa = PBXBuildFile; fileRef = 5BA71E43E197B13C86F1FF04 /* Pods_VIP_TEST.framework */; };
		CD802B1D2402BE6700F3CB47 /* AppDelegate.swift in Sources */ = {isa = PBXBuildFile; fileRef = CD802B1C2402BE6700F3CB47 /* AppDelegate.swift */; };
		CD802B1F2402BE6700F3CB47 /* SceneDelegate.swift in Sources */ = {isa = PBXBuildFile; fileRef = CD802B1E2402BE6700F3CB47 /* SceneDelegate.swift */; };
		CD802B242402BE6700F3CB47 /* Main.storyboard in Resources */ = {isa = PBXBuildFile; fileRef = CD802B222402BE6700F3CB47 /* Main.storyboard */; };
		CD802B262402BE6A00F3CB47 /* Assets.xcassets in Resources */ = {isa = PBXBuildFile; fileRef = CD802B252402BE6A00F3CB47 /* Assets.xcassets */; };
		CD802B292402BE6A00F3CB47 /* LaunchScreen.storyboard in Resources */ = {isa = PBXBuildFile; fileRef = CD802B272402BE6A00F3CB47 /* LaunchScreen.storyboard */; };
		CD802B372402BF7200F3CB47 /* HomePresenter.swift in Sources */ = {isa = PBXBuildFile; fileRef = CD802B312402BF7200F3CB47 /* HomePresenter.swift */; };
		CD802B382402BF7200F3CB47 /* HomeWorker.swift in Sources */ = {isa = PBXBuildFile; fileRef = CD802B322402BF7200F3CB47 /* HomeWorker.swift */; };
		CD802B392402BF7200F3CB47 /* HomeRouter.swift in Sources */ = {isa = PBXBuildFile; fileRef = CD802B332402BF7200F3CB47 /* HomeRouter.swift */; };
		CD802B3A2402BF7200F3CB47 /* HomeModels.swift in Sources */ = {isa = PBXBuildFile; fileRef = CD802B342402BF7200F3CB47 /* HomeModels.swift */; };
		CD802B3B2402BF7200F3CB47 /* HomeViewController.swift in Sources */ = {isa = PBXBuildFile; fileRef = CD802B352402BF7200F3CB47 /* HomeViewController.swift */; };
		CD802B3C2402BF7200F3CB47 /* HomeInteractor.swift in Sources */ = {isa = PBXBuildFile; fileRef = CD802B362402BF7200F3CB47 /* HomeInteractor.swift */; };
		CD802B452402C30A00F3CB47 /* BaseTabBarController.swift in Sources */ = {isa = PBXBuildFile; fileRef = CD802B432402C30A00F3CB47 /* BaseTabBarController.swift */; };
		CD802B522402C8E600F3CB47 /* HomeViewController.xib in Resources */ = {isa = PBXBuildFile; fileRef = CD802B502402C8E600F3CB47 /* HomeViewController.xib */; };
		CD802B552402CB0200F3CB47 /* HomeViewCell.swift in Sources */ = {isa = PBXBuildFile; fileRef = CD802B532402CB0200F3CB47 /* HomeViewCell.swift */; };
		CD802B562402CB0200F3CB47 /* HomeViewCell.xib in Resources */ = {isa = PBXBuildFile; fileRef = CD802B542402CB0200F3CB47 /* HomeViewCell.xib */; };
/* End PBXBuildFile section */

/* Begin PBXFileReference section */
		5BA71E43E197B13C86F1FF04 /* Pods_VIP_TEST.framework */ = {isa = PBXFileReference; explicitFileType = wrapper.framework; includeInIndex = 0; path = Pods_VIP_TEST.framework; sourceTree = BUILT_PRODUCTS_DIR; };
		909E116B4C103C75BA514AA3 /* Pods-VIP_TEST.debug.xcconfig */ = {isa = PBXFileReference; includeInIndex = 1; lastKnownFileType = text.xcconfig; name = "Pods-VIP_TEST.debug.xcconfig"; path = "Target Support Files/Pods-VIP_TEST/Pods-VIP_TEST.debug.xcconfig"; sourceTree = "<group>"; };
		962585EC2B0F05F9A1887265 /* Pods-VIP_TEST.release.xcconfig */ = {isa = PBXFileReference; includeInIndex = 1; lastKnownFileType = text.xcconfig; name = "Pods-VIP_TEST.release.xcconfig"; path = "Target Support Files/Pods-VIP_TEST/Pods-VIP_TEST.release.xcconfig"; sourceTree = "<group>"; };
		CD802B192402BE6700F3CB47 /* VIP_TEST.app */ = {isa = PBXFileReference; explicitFileType = wrapper.application; includeInIndex = 0; path = VIP_TEST.app; sourceTree = BUILT_PRODUCTS_DIR; };
		CD802B1C2402BE6700F3CB47 /* AppDelegate.swift */ = {isa = PBXFileReference; lastKnownFileType = sourcecode.swift; path = AppDelegate.swift; sourceTree = "<group>"; };
		CD802B1E2402BE6700F3CB47 /* SceneDelegate.swift */ = {isa = PBXFileReference; lastKnownFileType = sourcecode.swift; path = SceneDelegate.swift; sourceTree = "<group>"; };
		CD802B232402BE6700F3CB47 /* Base */ = {isa = PBXFileReference; lastKnownFileType = file.storyboard; name = Base; path = Base.lproj/Main.storyboard; sourceTree = "<group>"; };
		CD802B252402BE6A00F3CB47 /* Assets.xcassets */ = {isa = PBXFileReference; lastKnownFileType = folder.assetcatalog; path = Assets.xcassets; sourceTree = "<group>"; };
		CD802B282402BE6A00F3CB47 /* Base */ = {isa = PBXFileReference; lastKnownFileType = file.storyboard; name = Base; path = Base.lproj/LaunchScreen.storyboard; sourceTree = "<group>"; };
		CD802B2A2402BE6A00F3CB47 /* Info.plist */ = {isa = PBXFileReference; lastKnownFileType = text.plist.xml; path = Info.plist; sourceTree = "<group>"; };
		CD802B312402BF7200F3CB47 /* HomePresenter.swift */ = {isa = PBXFileReference; lastKnownFileType = sourcecode.swift; path = HomePresenter.swift; sourceTree = "<group>"; };
		CD802B322402BF7200F3CB47 /* HomeWorker.swift */ = {isa = PBXFileReference; lastKnownFileType = sourcecode.swift; path = HomeWorker.swift; sourceTree = "<group>"; };
		CD802B332402BF7200F3CB47 /* HomeRouter.swift */ = {isa = PBXFileReference; lastKnownFileType = sourcecode.swift; path = HomeRouter.swift; sourceTree = "<group>"; };
		CD802B342402BF7200F3CB47 /* HomeModels.swift */ = {isa = PBXFileReference; lastKnownFileType = sourcecode.swift; path = HomeModels.swift; sourceTree = "<group>"; };
		CD802B352402BF7200F3CB47 /* HomeViewController.swift */ = {isa = PBXFileReference; lastKnownFileType = sourcecode.swift; path = HomeViewController.swift; sourceTree = "<group>"; };
		CD802B362402BF7200F3CB47 /* HomeInteractor.swift */ = {isa = PBXFileReference; lastKnownFileType = sourcecode.swift; path = HomeInteractor.swift; sourceTree = "<group>"; };
		CD802B432402C30A00F3CB47 /* BaseTabBarController.swift */ = {isa = PBXFileReference; lastKnownFileType = sourcecode.swift; path = BaseTabBarController.swift; sourceTree = "<group>"; };
		CD802B502402C8E600F3CB47 /* HomeViewController.xib */ = {isa = PBXFileReference; lastKnownFileType = file.xib; path = HomeViewController.xib; sourceTree = "<group>"; };
		CD802B532402CB0200F3CB47 /* HomeViewCell.swift */ = {isa = PBXFileReference; lastKnownFileType = sourcecode.swift; path = HomeViewCell.swift; sourceTree = "<group>"; };
		CD802B542402CB0200F3CB47 /* HomeViewCell.xib */ = {isa = PBXFileReference; lastKnownFileType = file.xib; path = HomeViewCell.xib; sourceTree = "<group>"; };
/* End PBXFileReference section */

/* Begin PBXFrameworksBuildPhase section */
		CD802B162402BE6700F3CB47 /* Frameworks */ = {
			isa = PBXFrameworksBuildPhase;
			buildActionMask = 2147483647;
			files = (
				A13C9D1A77B7F94019504E1D /* Pods_VIP_TEST.framework in Frameworks */,
			);
			runOnlyForDeploymentPostprocessing = 0;
		};
/* End PBXFrameworksBuildPhase section */

/* Begin PBXGroup section */
		4CB6CA8002F7AAACC89450C9 /* Frameworks */ = {
			isa = PBXGroup;
			children = (
				5BA71E43E197B13C86F1FF04 /* Pods_VIP_TEST.framework */,
			);
			name = Frameworks;
			sourceTree = "<group>";
		};
		9DDF01E9F473686A01C68291 /* Pods */ = {
			isa = PBXGroup;
			children = (
				909E116B4C103C75BA514AA3 /* Pods-VIP_TEST.debug.xcconfig */,
				962585EC2B0F05F9A1887265 /* Pods-VIP_TEST.release.xcconfig */,
			);
			name = Pods;
			path = Pods;
			sourceTree = "<group>";
		};
		CD802B102402BE6700F3CB47 = {
			isa = PBXGroup;
			children = (
				CD802B1B2402BE6700F3CB47 /* VIP_TEST */,
				CD802B1A2402BE6700F3CB47 /* Products */,
				9DDF01E9F473686A01C68291 /* Pods */,
				4CB6CA8002F7AAACC89450C9 /* Frameworks */,
			);
			sourceTree = "<group>";
		};
		CD802B1A2402BE6700F3CB47 /* Products */ = {
			isa = PBXGroup;
			children = (
				CD802B192402BE6700F3CB47 /* VIP_TEST.app */,
			);
			name = Products;
			sourceTree = "<group>";
		};
		CD802B1B2402BE6700F3CB47 /* VIP_TEST */ = {
			isa = PBXGroup;
			children = (
				CD802B432402C30A00F3CB47 /* BaseTabBarController.swift */,
				CD802B302402BE9C00F3CB47 /* Home */,
				CD802B1C2402BE6700F3CB47 /* AppDelegate.swift */,
				CD802B1E2402BE6700F3CB47 /* SceneDelegate.swift */,
				CD802B222402BE6700F3CB47 /* Main.storyboard */,
				CD802B252402BE6A00F3CB47 /* Assets.xcassets */,
				CD802B272402BE6A00F3CB47 /* LaunchScreen.storyboard */,
				CD802B2A2402BE6A00F3CB47 /* Info.plist */,
			);
			path = VIP_TEST;
			sourceTree = "<group>";
		};
		CD802B302402BE9C00F3CB47 /* Home */ = {
			isa = PBXGroup;
			children = (
				CD802B312402BF7200F3CB47 /* HomePresenter.swift */,
				CD802B322402BF7200F3CB47 /* HomeWorker.swift */,
				CD802B332402BF7200F3CB47 /* HomeRouter.swift */,
				CD802B342402BF7200F3CB47 /* HomeModels.swift */,
				CD802B352402BF7200F3CB47 /* HomeViewController.swift */,
				CD802B362402BF7200F3CB47 /* HomeInteractor.swift */,
				CD802B502402C8E600F3CB47 /* HomeViewController.xib */,
				CD802B532402CB0200F3CB47 /* HomeViewCell.swift */,
				CD802B542402CB0200F3CB47 /* HomeViewCell.xib */,
			);
			path = Home;
			sourceTree = "<group>";
		};
/* End PBXGroup section */

/* Begin PBXNativeTarget section */
		CD802B182402BE6700F3CB47 /* VIP_TEST */ = {
			isa = PBXNativeTarget;
			buildConfigurationList = CD802B2D2402BE6A00F3CB47 /* Build configuration list for PBXNativeTarget "VIP_TEST" */;
			buildPhases = (
				95BECF2375FBEC9B38849559 /* [CP] Check Pods Manifest.lock */,
				CD802B152402BE6700F3CB47 /* Sources */,
				CD802B162402BE6700F3CB47 /* Frameworks */,
				CD802B172402BE6700F3CB47 /* Resources */,
				C22D0096FD9B23DB13D505AF /* [CP] Embed Pods Frameworks */,
			);
			buildRules = (
			);
			dependencies = (
			);
			name = VIP_TEST;
			productName = VIP_TEST;
			productReference = CD802B192402BE6700F3CB47 /* VIP_TEST.app */;
			productType = "com.apple.product-type.application";
		};
/* End PBXNativeTarget section */

/* Begin PBXProject section */
		CD802B112402BE6700F3CB47 /* Project object */ = {
			isa = PBXProject;
			attributes = {
				LastSwiftUpdateCheck = 1130;
				LastUpgradeCheck = 1130;
				ORGANIZATIONNAME = OuSS;
				TargetAttributes = {
					CD802B182402BE6700F3CB47 = {
						CreatedOnToolsVersion = 11.3.1;
					};
				};
			};
			buildConfigurationList = CD802B142402BE6700F3CB47 /* Build configuration list for PBXProject "VIP_TEST" */;
			compatibilityVersion = "Xcode 9.3";
			developmentRegion = en;
			hasScannedForEncodings = 0;
			knownRegions = (
				en,
				Base,
			);
			mainGroup = CD802B102402BE6700F3CB47;
			productRefGroup = CD802B1A2402BE6700F3CB47 /* Products */;
			projectDirPath = "";
			projectRoot = "";
			targets = (
				CD802B182402BE6700F3CB47 /* VIP_TEST */,
			);
		};
/* End PBXProject section */

/* Begin PBXResourcesBuildPhase section */
		CD802B172402BE6700F3CB47 /* Resources */ = {
			isa = PBXResourcesBuildPhase;
			buildActionMask = 2147483647;
			files = (
				CD802B522402C8E600F3CB47 /* HomeViewController.xib in Resources */,
				CD802B292402BE6A00F3CB47 /* LaunchScreen.storyboard in Resources */,
				CD802B262402BE6A00F3CB47 /* Assets.xcassets in Resources */,
				CD802B562402CB0200F3CB47 /* HomeViewCell.xib in Resources */,
				CD802B242402BE6700F3CB47 /* Main.storyboard in Resources */,
			);
			runOnlyForDeploymentPostprocessing = 0;
		};
/* End PBXResourcesBuildPhase section */

/* Begin PBXShellScriptBuildPhase section */
		95BECF2375FBEC9B38849559 /* [CP] Check Pods Manifest.lock */ = {
			isa = PBXShellScriptBuildPhase;
			buildActionMask = 2147483647;
			files = (
			);
			inputFileListPaths = (
			);
			inputPaths = (
				"${PODS_PODFILE_DIR_PATH}/Podfile.lock",
				"${PODS_ROOT}/Manifest.lock",
			);
			name = "[CP] Check Pods Manifest.lock";
			outputFileListPaths = (
			);
			outputPaths = (
				"$(DERIVED_FILE_DIR)/Pods-VIP_TEST-checkManifestLockResult.txt",
			);
			runOnlyForDeploymentPostprocessing = 0;
			shellPath = /bin/sh;
			shellScript = "diff \"${PODS_PODFILE_DIR_PATH}/Podfile.lock\" \"${PODS_ROOT}/Manifest.lock\" > /dev/null\nif [ $? != 0 ] ; then\n    # print error to STDERR\n    echo \"error: The sandbox is not in sync with the Podfile.lock. Run 'pod install' or update your CocoaPods installation.\" >&2\n    exit 1\nfi\n# This output is used by Xcode 'outputs' to avoid re-running this script phase.\necho \"SUCCESS\" > \"${SCRIPT_OUTPUT_FILE_0}\"\n";
			showEnvVarsInLog = 0;
		};
		C22D0096FD9B23DB13D505AF /* [CP] Embed Pods Frameworks */ = {
			isa = PBXShellScriptBuildPhase;
			buildActionMask = 2147483647;
			files = (
			);
			inputFileListPaths = (
				"${PODS_ROOT}/Target Support Files/Pods-VIP_TEST/Pods-VIP_TEST-frameworks-${CONFIGURATION}-input-files.xcfilelist",
			);
			name = "[CP] Embed Pods Frameworks";
			outputFileListPaths = (
				"${PODS_ROOT}/Target Support Files/Pods-VIP_TEST/Pods-VIP_TEST-frameworks-${CONFIGURATION}-output-files.xcfilelist",
			);
			runOnlyForDeploymentPostprocessing = 0;
			shellPath = /bin/sh;
			shellScript = "\"${PODS_ROOT}/Target Support Files/Pods-VIP_TEST/Pods-VIP_TEST-frameworks.sh\"\n";
			showEnvVarsInLog = 0;
		};
/* End PBXShellScriptBuildPhase section */

/* Begin PBXSourcesBuildPhase section */
		CD802B152402BE6700F3CB47 /* Sources */ = {
			isa = PBXSourcesBuildPhase;
			buildActionMask = 2147483647;
			files = (
				CD802B392402BF7200F3CB47 /* HomeRouter.swift in Sources */,
				CD802B1D2402BE6700F3CB47 /* AppDelegate.swift in Sources */,
				CD802B452402C30A00F3CB47 /* BaseTabBarController.swift in Sources */,
				CD802B3B2402BF7200F3CB47 /* HomeViewController.swift in Sources */,
				CD802B1F2402BE6700F3CB47 /* SceneDelegate.swift in Sources */,
				CD802B382402BF7200F3CB47 /* HomeWorker.swift in Sources */,
				CD802B3C2402BF7200F3CB47 /* HomeInteractor.swift in Sources */,
				CD802B552402CB0200F3CB47 /* HomeViewCell.swift in Sources */,
				CD802B372402BF7200F3CB47 /* HomePresenter.swift in Sources */,
				CD802B3A2402BF7200F3CB47 /* HomeModels.swift in Sources */,
			);
			runOnlyForDeploymentPostprocessing = 0;
		};
/* End PBXSourcesBuildPhase section */

/* Begin PBXVariantGroup section */
		CD802B222402BE6700F3CB47 /* Main.storyboard */ = {
			isa = PBXVariantGroup;
			children = (
				CD802B232402BE6700F3CB47 /* Base */,
			);
			name = Main.storyboard;
			sourceTree = "<group>";
		};
		CD802B272402BE6A00F3CB47 /* LaunchScreen.storyboard */ = {
			isa = PBXVariantGroup;
			children = (
				CD802B282402BE6A00F3CB47 /* Base */,
			);
			name = LaunchScreen.storyboard;
			sourceTree = "<group>";
		};
/* End PBXVariantGroup section */

/* Begin XCBuildConfiguration section */
		CD802B2B2402BE6A00F3CB47 /* Debug */ = {
			isa = XCBuildConfiguration;
			buildSettings = {
				ALWAYS_SEARCH_USER_PATHS = NO;
				CLANG_ANALYZER_NONNULL = YES;
				CLANG_ANALYZER_NUMBER_OBJECT_CONVERSION = YES_AGGRESSIVE;
				CLANG_CXX_LANGUAGE_STANDARD = "gnu++14";
				CLANG_CXX_LIBRARY = "libc++";
				CLANG_ENABLE_MODULES = YES;
				CLANG_ENABLE_OBJC_ARC = YES;
				CLANG_ENABLE_OBJC_WEAK = YES;
				CLANG_WARN_BLOCK_CAPTURE_AUTORELEASING = YES;
				CLANG_WARN_BOOL_CONVERSION = YES;
				CLANG_WARN_COMMA = YES;
				CLANG_WARN_CONSTANT_CONVERSION = YES;
				CLANG_WARN_DEPRECATED_OBJC_IMPLEMENTATIONS = YES;
				CLANG_WARN_DIRECT_OBJC_ISA_USAGE = YES_ERROR;
				CLANG_WARN_DOCUMENTATION_COMMENTS = YES;
				CLANG_WARN_EMPTY_BODY = YES;
				CLANG_WARN_ENUM_CONVERSION = YES;
				CLANG_WARN_INFINITE_RECURSION = YES;
				CLANG_WARN_INT_CONVERSION = YES;
				CLANG_WARN_NON_LITERAL_NULL_CONVERSION = YES;
				CLANG_WARN_OBJC_IMPLICIT_RETAIN_SELF = YES;
				CLANG_WARN_OBJC_LITERAL_CONVERSION = YES;
				CLANG_WARN_OBJC_ROOT_CLASS = YES_ERROR;
				CLANG_WARN_RANGE_LOOP_ANALYSIS = YES;
				CLANG_WARN_STRICT_PROTOTYPES = YES;
				CLANG_WARN_SUSPICIOUS_MOVE = YES;
				CLANG_WARN_UNGUARDED_AVAILABILITY = YES_AGGRESSIVE;
				CLANG_WARN_UNREACHABLE_CODE = YES;
				CLANG_WARN__DUPLICATE_METHOD_MATCH = YES;
				COPY_PHASE_STRIP = NO;
				DEBUG_INFORMATION_FORMAT = dwarf;
				ENABLE_STRICT_OBJC_MSGSEND = YES;
				ENABLE_TESTABILITY = YES;
				GCC_C_LANGUAGE_STANDARD = gnu11;
				GCC_DYNAMIC_NO_PIC = NO;
				GCC_NO_COMMON_BLOCKS = YES;
				GCC_OPTIMIZATION_LEVEL = 0;
				GCC_PREPROCESSOR_DEFINITIONS = (
					"DEBUG=1",
					"$(inherited)",
				);
				GCC_WARN_64_TO_32_BIT_CONVERSION = YES;
				GCC_WARN_ABOUT_RETURN_TYPE = YES_ERROR;
				GCC_WARN_UNDECLARED_SELECTOR = YES;
				GCC_WARN_UNINITIALIZED_AUTOS = YES_AGGRESSIVE;
				GCC_WARN_UNUSED_FUNCTION = YES;
				GCC_WARN_UNUSED_VARIABLE = YES;
				IPHONEOS_DEPLOYMENT_TARGET = 13.2;
				MTL_ENABLE_DEBUG_INFO = INCLUDE_SOURCE;
				MTL_FAST_MATH = YES;
				ONLY_ACTIVE_ARCH = YES;
				SDKROOT = iphoneos;
				SWIFT_ACTIVE_COMPILATION_CONDITIONS = DEBUG;
				SWIFT_OPTIMIZATION_LEVEL = "-Onone";
			};
			name = Debug;
		};
		CD802B2C2402BE6A00F3CB47 /* Release */ = {
			isa = XCBuildConfiguration;
			buildSettings = {
				ALWAYS_SEARCH_USER_PATHS = NO;
				CLANG_ANALYZER_NONNULL = YES;
				CLANG_ANALYZER_NUMBER_OBJECT_CONVERSION = YES_AGGRESSIVE;
				CLANG_CXX_LANGUAGE_STANDARD = "gnu++14";
				CLANG_CXX_LIBRARY = "libc++";
				CLANG_ENABLE_MODULES = YES;
				CLANG_ENABLE_OBJC_ARC = YES;
				CLANG_ENABLE_OBJC_WEAK = YES;
				CLANG_WARN_BLOCK_CAPTURE_AUTORELEASING = YES;
				CLANG_WARN_BOOL_CONVERSION = YES;
				CLANG_WARN_COMMA = YES;
				CLANG_WARN_CONSTANT_CONVERSION = YES;
				CLANG_WARN_DEPRECATED_OBJC_IMPLEMENTATIONS = YES;
				CLANG_WARN_DIRECT_OBJC_ISA_USAGE = YES_ERROR;
				CLANG_WARN_DOCUMENTATION_COMMENTS = YES;
				CLANG_WARN_EMPTY_BODY = YES;
				CLANG_WARN_ENUM_CONVERSION = YES;
				CLANG_WARN_INFINITE_RECURSION = YES;
				CLANG_WARN_INT_CONVERSION = YES;
				CLANG_WARN_NON_LITERAL_NULL_CONVERSION = YES;
				CLANG_WARN_OBJC_IMPLICIT_RETAIN_SELF = YES;
				CLANG_WARN_OBJC_LITERAL_CONVERSION = YES;
				CLANG_WARN_OBJC_ROOT_CLASS = YES_ERROR;
				CLANG_WARN_RANGE_LOOP_ANALYSIS = YES;
				CLANG_WARN_STRICT_PROTOTYPES = YES;
				CLANG_WARN_SUSPICIOUS_MOVE = YES;
				CLANG_WARN_UNGUARDED_AVAILABILITY = YES_AGGRESSIVE;
				CLANG_WARN_UNREACHABLE_CODE = YES;
				CLANG_WARN__DUPLICATE_METHOD_MATCH = YES;
				COPY_PHASE_STRIP = NO;
				DEBUG_INFORMATION_FORMAT = "dwarf-with-dsym";
				ENABLE_NS_ASSERTIONS = NO;
				ENABLE_STRICT_OBJC_MSGSEND = YES;
				GCC_C_LANGUAGE_STANDARD = gnu11;
				GCC_NO_COMMON_BLOCKS = YES;
				GCC_WARN_64_TO_32_BIT_CONVERSION = YES;
				GCC_WARN_ABOUT_RETURN_TYPE = YES_ERROR;
				GCC_WARN_UNDECLARED_SELECTOR = YES;
				GCC_WARN_UNINITIALIZED_AUTOS = YES_AGGRESSIVE;
				GCC_WARN_UNUSED_FUNCTION = YES;
				GCC_WARN_UNUSED_VARIABLE = YES;
				IPHONEOS_DEPLOYMENT_TARGET = 13.2;
				MTL_ENABLE_DEBUG_INFO = NO;
				MTL_FAST_MATH = YES;
				SDKROOT = iphoneos;
				SWIFT_COMPILATION_MODE = wholemodule;
				SWIFT_OPTIMIZATION_LEVEL = "-O";
				VALIDATE_PRODUCT = YES;
			};
			name = Release;
		};
		CD802B2E2402BE6A00F3CB47 /* Debug */ = {
			isa = XCBuildConfiguration;
			baseConfigurationReference = 909E116B4C103C75BA514AA3 /* Pods-VIP_TEST.debug.xcconfig */;
			buildSettings = {
				ASSETCATALOG_COMPILER_APPICON_NAME = AppIcon;
				CODE_SIGN_STYLE = Automatic;
				INFOPLIST_FILE = VIP_TEST/Info.plist;
				LD_RUNPATH_SEARCH_PATHS = (
					"$(inherited)",
					"@executable_path/Frameworks",
				);
				PRODUCT_BUNDLE_IDENTIFIER = "com.ouss.VIP-TEST";
				PRODUCT_NAME = "$(TARGET_NAME)";
				SWIFT_VERSION = 5.0;
				TARGETED_DEVICE_FAMILY = "1,2";
			};
			name = Debug;
		};
		CD802B2F2402BE6A00F3CB47 /* Release */ = {
			isa = XCBuildConfiguration;
			baseConfigurationReference = 962585EC2B0F05F9A1887265 /* Pods-VIP_TEST.release.xcconfig */;
			buildSettings = {
				ASSETCATALOG_COMPILER_APPICON_NAME = AppIcon;
				CODE_SIGN_STYLE = Automatic;
				INFOPLIST_FILE = VIP_TEST/Info.plist;
				LD_RUNPATH_SEARCH_PATHS = (
					"$(inherited)",
					"@executable_path/Frameworks",
				);
				PRODUCT_BUNDLE_IDENTIFIER = "com.ouss.VIP-TEST";
				PRODUCT_NAME = "$(TARGET_NAME)";
				SWIFT_VERSION = 5.0;
				TARGETED_DEVICE_FAMILY = "1,2";
			};
			name = Release;
		};
/* End XCBuildConfiguration section */

/* Begin XCConfigurationList section */
		CD802B142402BE6700F3CB47 /* Build configuration list for PBXProject "VIP_TEST" */ = {
			isa = XCConfigurationList;
			buildConfigurations = (
				CD802B2B2402BE6A00F3CB47 /* Debug */,
				CD802B2C2402BE6A00F3CB47 /* Release */,
			);
			defaultConfigurationIsVisible = 0;
			defaultConfigurationName = Release;
		};
		CD802B2D2402BE6A00F3CB47 /* Build configuration list for PBXNativeTarget "VIP_TEST" */ = {
			isa = XCConfigurationList;
			buildConfigurations = (
				CD802B2E2402BE6A00F3CB47 /* Debug */,
				CD802B2F2402BE6A00F3CB47 /* Release */,
			);
			defaultConfigurationIsVisible = 0;
			defaultConfigurationName = Release;
		};
/* End XCConfigurationList section */
	};
	rootObject = CD802B112402BE6700F3CB47 /* Project object */;
}
